
Microsoft Visual Studio Solution File, Format Version 12.00
# Visual Studio Version 16
VisualStudioVersion = 16.0.29709.97
MinimumVisualStudioVersion = 10.0.40219.1
Project("{FAE04EC0-301F-11D3-BF4B-00C04F79EFBC}") = "Proyec.v1", "Proyec.v1\Proyec.v1.csproj", "{88921B98-A6D7-4F99-8EAA-56F38DA28524}"
EndProject
Global
	GlobalSection(SolutionConfigurationPlatforms) = preSolution
		Debug|Any CPU = Debug|Any CPU
		Release|Any CPU = Release|Any CPU
	EndGlobalSection
	GlobalSection(ProjectConfigurationPlatforms) = postSolution
		{88921B98-A6D7-4F99-8EAA-56F38DA28524}.Debug|Any CPU.ActiveCfg = Debug|Any CPU
		{88921B98-A6D7-4F99-8EAA-56F38DA28524}.Debug|Any CPU.Build.0 = Debug|Any CPU
		{88921B98-A6D7-4F99-8EAA-56F38DA28524}.Release|Any CPU.ActiveCfg = Release|Any CPU
		{88921B98-A6D7-4F99-8EAA-56F38DA28524}.Release|Any CPU.Build.0 = Release|Any CPU
	EndGlobalSection
	GlobalSection(SolutionProperties) = preSolution
		HideSolutionNode = FALSE
	EndGlobalSection
	GlobalSection(ExtensibilityGlobals) = postSolution
		SolutionGuid = {5C251289-1E74-4AD2-8F57-998FEF581174}
	EndGlobalSection
EndGlobal
